
Microsoft Visual Studio Solution File, Format Version 12.00
# Visual Studio Version 16
Project("{2150E333-8FDC-42A3-9474-1A3956D46DE8}") = "CMakePredefinedTargets", "CMakePredefinedTargets", "{608E5490-2421-3DB7-943F-05D4037CB01E}"
EndProject
Project("{2150E333-8FDC-42A3-9474-1A3956D46DE8}") = "GLFW3", "GLFW3", "{897294FF-0178-3226-80BC-1E613B28C6F0}"
EndProject
Project("{8BC9CEB8-8B4A-11D0-8D11-00A0C91BC942}") = "ALL_BUILD", "ALL_BUILD.vcxproj", "{B2785550-ADED-3732-A6CC-5662FC37EA39}"
	ProjectSection(ProjectDependencies) = postProject
		{527F77CA-E253-34C7-AC4C-A978A30B16CE} = {527F77CA-E253-34C7-AC4C-A978A30B16CE}
		{121E63BB-0D61-36D0-B7F7-A4EDECA95231} = {121E63BB-0D61-36D0-B7F7-A4EDECA95231}
	EndProjectSection
EndProject
Project("{8BC9CEB8-8B4A-11D0-8D11-00A0C91BC942}") = "INSTALL", "INSTALL.vcxproj", "{61089C41-7545-3FF1-8CA6-53A067F84EFF}"
	ProjectSection(ProjectDependencies) = postProject
		{B2785550-ADED-3732-A6CC-5662FC37EA39} = {B2785550-ADED-3732-A6CC-5662FC37EA39}
		{527F77CA-E253-34C7-AC4C-A978A30B16CE} = {527F77CA-E253-34C7-AC4C-A978A30B16CE}
	EndProjectSection
EndProject
Project("{8BC9CEB8-8B4A-11D0-8D11-00A0C91BC942}") = "ZERO_CHECK", "..\\ZERO_CHECK.vcxproj", "{527F77CA-E253-34C7-AC4C-A978A30B16CE}"
	ProjectSection(ProjectDependencies) = postProject
	EndProjectSection
EndProject
Project("{8BC9CEB8-8B4A-11D0-8D11-00A0C91BC942}") = "glfw", "src\glfw.vcxproj", "{121E63BB-0D61-36D0-B7F7-A4EDECA95231}"
	ProjectSection(ProjectDependencies) = postProject
		{527F77CA-E253-34C7-AC4C-A978A30B16CE} = {527F77CA-E253-34C7-AC4C-A978A30B16CE}
	EndProjectSection
EndProject
Project("{8BC9CEB8-8B4A-11D0-8D11-00A0C91BC942}") = "uninstall", "uninstall.vcxproj", "{C990ADA8-FB77-3862-AB1B-39760A19CC2C}"
	ProjectSection(ProjectDependencies) = postProject
		{527F77CA-E253-34C7-AC4C-A978A30B16CE} = {527F77CA-E253-34C7-AC4C-A978A30B16CE}
	EndProjectSection
EndProject
Global
	GlobalSection(SolutionConfigurationPlatforms) = preSolution
		Debug|x64 = Debug|x64
		Release|x64 = Release|x64
		MinSizeRel|x64 = MinSizeRel|x64
		RelWithDebInfo|x64 = RelWithDebInfo|x64
	EndGlobalSection
	GlobalSection(ProjectConfigurationPlatforms) = postSolution
		{B2785550-ADED-3732-A6CC-5662FC37EA39}.Debug|x64.ActiveCfg = Debug|x64
		{B2785550-ADED-3732-A6CC-5662FC37EA39}.Debug|x64.Build.0 = Debug|x64
		{B2785550-ADED-3732-A6CC-5662FC37EA39}.Release|x64.ActiveCfg = Release|x64
		{B2785550-ADED-3732-A6CC-5662FC37EA39}.Release|x64.Build.0 = Release|x64
		{B2785550-ADED-3732-A6CC-5662FC37EA39}.MinSizeRel|x64.ActiveCfg = MinSizeRel|x64
		{B2785550-ADED-3732-A6CC-5662FC37EA39}.MinSizeRel|x64.Build.0 = MinSizeRel|x64
		{B2785550-ADED-3732-A6CC-5662FC37EA39}.RelWithDebInfo|x64.ActiveCfg = RelWithDebInfo|x64
		{B2785550-ADED-3732-A6CC-5662FC37EA39}.RelWithDebInfo|x64.Build.0 = RelWithDebInfo|x64
		{61089C41-7545-3FF1-8CA6-53A067F84EFF}.Debug|x64.ActiveCfg = Debug|x64
		{61089C41-7545-3FF1-8CA6-53A067F84EFF}.Release|x64.ActiveCfg = Release|x64
		{61089C41-7545-3FF1-8CA6-53A067F84EFF}.MinSizeRel|x64.ActiveCfg = MinSizeRel|x64
		{61089C41-7545-3FF1-8CA6-53A067F84EFF}.RelWithDebInfo|x64.ActiveCfg = RelWithDebInfo|x64
		{527F77CA-E253-34C7-AC4C-A978A30B16CE}.Debug|x64.ActiveCfg = Debug|x64
		{527F77CA-E253-34C7-AC4C-A978A30B16CE}.Debug|x64.Build.0 = Debug|x64
		{527F77CA-E253-34C7-AC4C-A978A30B16CE}.Release|x64.ActiveCfg = Release|x64
		{527F77CA-E253-34C7-AC4C-A978A30B16CE}.Release|x64.Build.0 = Release|x64
		{527F77CA-E253-34C7-AC4C-A978A30B16CE}.MinSizeRel|x64.ActiveCfg = MinSizeRel|x64
		{527F77CA-E253-34C7-AC4C-A978A30B16CE}.MinSizeRel|x64.Build.0 = MinSizeRel|x64
		{527F77CA-E253-34C7-AC4C-A978A30B16CE}.RelWithDebInfo|x64.ActiveCfg = RelWithDebInfo|x64
		{527F77CA-E253-34C7-AC4C-A978A30B16CE}.RelWithDebInfo|x64.Build.0 = RelWithDebInfo|x64
		{121E63BB-0D61-36D0-B7F7-A4EDECA95231}.Debug|x64.ActiveCfg = Debug|x64
		{121E63BB-0D61-36D0-B7F7-A4EDECA95231}.Debug|x64.Build.0 = Debug|x64
		{121E63BB-0D61-36D0-B7F7-A4EDECA95231}.Release|x64.ActiveCfg = Release|x64
		{121E63BB-0D61-36D0-B7F7-A4EDECA95231}.Release|x64.Build.0 = Release|x64
		{121E63BB-0D61-36D0-B7F7-A4EDECA95231}.MinSizeRel|x64.ActiveCfg = MinSizeRel|x64
		{121E63BB-0D61-36D0-B7F7-A4EDECA95231}.MinSizeRel|x64.Build.0 = MinSizeRel|x64
		{121E63BB-0D61-36D0-B7F7-A4EDECA95231}.RelWithDebInfo|x64.ActiveCfg = RelWithDebInfo|x64
		{121E63BB-0D61-36D0-B7F7-A4EDECA95231}.RelWithDebInfo|x64.Build.0 = RelWithDebInfo|x64
		{C990ADA8-FB77-3862-AB1B-39760A19CC2C}.Debug|x64.ActiveCfg = Debug|x64
		{C990ADA8-FB77-3862-AB1B-39760A19CC2C}.Release|x64.ActiveCfg = Release|x64
		{C990ADA8-FB77-3862-AB1B-39760A19CC2C}.MinSizeRel|x64.ActiveCfg = MinSizeRel|x64
		{C990ADA8-FB77-3862-AB1B-39760A19CC2C}.RelWithDebInfo|x64.ActiveCfg = RelWithDebInfo|x64
	EndGlobalSection
	GlobalSection(NestedProjects) = preSolution
		{B2785550-ADED-3732-A6CC-5662FC37EA39} = {608E5490-2421-3DB7-943F-05D4037CB01E}
		{61089C41-7545-3FF1-8CA6-53A067F84EFF} = {608E5490-2421-3DB7-943F-05D4037CB01E}
		{527F77CA-E253-34C7-AC4C-A978A30B16CE} = {608E5490-2421-3DB7-943F-05D4037CB01E}
		{121E63BB-0D61-36D0-B7F7-A4EDECA95231} = {897294FF-0178-3226-80BC-1E613B28C6F0}
		{C990ADA8-FB77-3862-AB1B-39760A19CC2C} = {897294FF-0178-3226-80BC-1E613B28C6F0}
	EndGlobalSection
	GlobalSection(ExtensibilityGlobals) = postSolution
		SolutionGuid = {86DB5E59-0184-3791-855C-B626C278B6A0}
	EndGlobalSection
	GlobalSection(ExtensibilityAddIns) = postSolution
	EndGlobalSection
EndGlobal
