<?xml version="1.0" encoding="utf-8"?>
<Project ToolsVersion="16.0" xmlns="http://schemas.microsoft.com/developer/msbuild/2003">
  <ItemGroup>
    <ClCompile Include="C:\Users\laith\Documents\DatorgrafikLAB1\GLprimer\glew\src\glew.c">
      <Filter>Source Files</Filter>
    </ClCompile>
  </ItemGroup>
  <ItemGroup>
    <ClInclude Include="C:\Users\laith\Documents\DatorgrafikLAB1\GLprimer\glew\include\GL\eglew.h">
      <Filter>Header Files</Filter>
    </ClInclude>
    <ClInclude Include="C:\Users\laith\Documents\DatorgrafikLAB1\GLprimer\glew\include\GL\glew.h">
      <Filter>Header Files</Filter>
    </ClInclude>
    <ClInclude Include="C:\Users\laith\Documents\DatorgrafikLAB1\GLprimer\glew\include\GL\glxew.h">
      <Filter>Header Files</Filter>
    </ClInclude>
    <ClInclude Include="C:\Users\laith\Documents\DatorgrafikLAB1\GLprimer\glew\include\GL\wglew.h">
      <Filter>Header Files</Filter>
    </ClInclude>
  </ItemGroup>
  <ItemGroup>
    <CustomBuild Include="C:\Users\laith\Documents\DatorgrafikLAB1\GLprimer\glew\CMakeLists.txt" />
  </ItemGroup>
  <ItemGroup>
    <Filter Include="Header Files">
      <UniqueIdentifier>{F0E7D07D-9A5F-3751-80A0-792E3483CC58}</UniqueIdentifier>
    </Filter>
    <Filter Include="Source Files">
      <UniqueIdentifier>{EDE6AADF-CA10-3EAF-924F-7FF5B80A5695}</UniqueIdentifier>
    </Filter>
  </ItemGroup>
</Project>
